// !$*UTF8*$!
{
	archiveVersion = 1;
	classes = {
	};
	objectVersion = 56;
	objects = {

/* Begin PBXBuildFile section */
		795E10D62BE0913C005D3D24 /* LabMateApp.swift in Sources */ = {isa = PBXBuildFile; fileRef = 795E10D52BE0913C005D3D24 /* LabMateApp.swift */; };
		795E10D82BE0913C005D3D24 /* ContentView.swift in Sources */ = {isa = PBXBuildFile; fileRef = 795E10D72BE0913C005D3D24 /* ContentView.swift */; };
		795E10DA2BE0913E005D3D24 /* Assets.xcassets in Resources */ = {isa = PBXBuildFile; fileRef = 795E10D92BE0913E005D3D24 /* Assets.xcassets */; };
		795E10DD2BE0913E005D3D24 /* Preview Assets.xcassets in Resources */ = {isa = PBXBuildFile; fileRef = 795E10DC2BE0913E005D3D24 /* Preview Assets.xcassets */; };
		795E10E72BE0913E005D3D24 /* LabMateTests.swift in Sources */ = {isa = PBXBuildFile; fileRef = 795E10E62BE0913E005D3D24 /* LabMateTests.swift */; };
		795E10F12BE0913E005D3D24 /* LabMateUITests.swift in Sources */ = {isa = PBXBuildFile; fileRef = 795E10F02BE0913E005D3D24 /* LabMateUITests.swift */; };
		795E10F32BE0913E005D3D24 /* LabMateUITestsLaunchTests.swift in Sources */ = {isa = PBXBuildFile; fileRef = 795E10F22BE0913E005D3D24 /* LabMateUITestsLaunchTests.swift */; };
		795E11062BF04DE5005D3D24 /* HomeView.swift in Sources */ = {isa = PBXBuildFile; fileRef = 795E10FF2BF04DE5005D3D24 /* HomeView.swift */; };
		795E11082BF04DE5005D3D24 /* LoginView.swift in Sources */ = {isa = PBXBuildFile; fileRef = 795E11012BF04DE5005D3D24 /* LoginView.swift */; };
		795E11092BF04DE5005D3D24 /* LoginViewModel.swift in Sources */ = {isa = PBXBuildFile; fileRef = 795E11022BF04DE5005D3D24 /* LoginViewModel.swift */; };
		795E110A2BF04DE5005D3D24 /* StudentProfileView.swift in Sources */ = {isa = PBXBuildFile; fileRef = 795E11032BF04DE5005D3D24 /* StudentProfileView.swift */; };
		795E110B2BF04DE5005D3D24 /* TeacherProfileView.swift in Sources */ = {isa = PBXBuildFile; fileRef = 795E11042BF04DE5005D3D24 /* TeacherProfileView.swift */; };
		795E110F2BF04FF6005D3D24 /* SupabaseClient.swift in Sources */ = {isa = PBXBuildFile; fileRef = 795E110E2BF04FF6005D3D24 /* SupabaseClient.swift */; };
		795E11122BF05379005D3D24 /* Auth in Frameworks */ = {isa = PBXBuildFile; productRef = 795E11112BF05379005D3D24 /* Auth */; };
		795E11142BF05379005D3D24 /* Functions in Frameworks */ = {isa = PBXBuildFile; productRef = 795E11132BF05379005D3D24 /* Functions */; };
		795E11162BF05379005D3D24 /* PostgREST in Frameworks */ = {isa = PBXBuildFile; productRef = 795E11152BF05379005D3D24 /* PostgREST */; };
		795E11182BF05379005D3D24 /* Realtime in Frameworks */ = {isa = PBXBuildFile; productRef = 795E11172BF05379005D3D24 /* Realtime */; };
		795E111A2BF05379005D3D24 /* Storage in Frameworks */ = {isa = PBXBuildFile; productRef = 795E11192BF05379005D3D24 /* Storage */; };
		795E111C2BF05379005D3D24 /* Supabase in Frameworks */ = {isa = PBXBuildFile; productRef = 795E111B2BF05379005D3D24 /* Supabase */; };
		795E111F2BF0D997005D3D24 /* JoinClassroomView.swift in Sources */ = {isa = PBXBuildFile; fileRef = 795E111E2BF0D997005D3D24 /* JoinClassroomView.swift */; };
		795E11212BF0DA2B005D3D24 /* CodeTextField.swift in Sources */ = {isa = PBXBuildFile; fileRef = 795E11202BF0DA2B005D3D24 /* CodeTextField.swift */; };
		795E11232BF0E32A005D3D24 /* JoinClassroomViewModel.swift in Sources */ = {isa = PBXBuildFile; fileRef = 795E11222BF0E32A005D3D24 /* JoinClassroomViewModel.swift */; };
		795E11252BF1DE73005D3D24 /* Classroom.swift in Sources */ = {isa = PBXBuildFile; fileRef = 795E11242BF1DE73005D3D24 /* Classroom.swift */; };
		795E11272BF1EA2A005D3D24 /* ClassroomView.swift in Sources */ = {isa = PBXBuildFile; fileRef = 795E11262BF1EA2A005D3D24 /* ClassroomView.swift */; };
		795E11292BF1EA60005D3D24 /* ClassroomViewModel.swift in Sources */ = {isa = PBXBuildFile; fileRef = 795E11282BF1EA60005D3D24 /* ClassroomViewModel.swift */; };
		795E112C2BF26488005D3D24 /* AppHeading.swift in Sources */ = {isa = PBXBuildFile; fileRef = 795E112B2BF26488005D3D24 /* AppHeading.swift */; };
		795E112E2BF26703005D3D24 /* ProfileView.swift in Sources */ = {isa = PBXBuildFile; fileRef = 795E112D2BF26703005D3D24 /* ProfileView.swift */; };
		795E11302BF26955005D3D24 /* DummyView.swift in Sources */ = {isa = PBXBuildFile; fileRef = 795E112F2BF26955005D3D24 /* DummyView.swift */; };
		795E11342BF2D93B005D3D24 /* AppError.swift in Sources */ = {isa = PBXBuildFile; fileRef = 795E11332BF2D93B005D3D24 /* AppError.swift */; };
		795E11362BF2E58F005D3D24 /* ProfileViewModel.swift in Sources */ = {isa = PBXBuildFile; fileRef = 795E11352BF2E58F005D3D24 /* ProfileViewModel.swift */; };
		795E113D2BF2F559005D3D24 /* SubmitActivityView.swift in Sources */ = {isa = PBXBuildFile; fileRef = 795E113C2BF2F559005D3D24 /* SubmitActivityView.swift */; };
		795E113F2BF2F582005D3D24 /* SubmitActivityViewModel.swift in Sources */ = {isa = PBXBuildFile; fileRef = 795E113E2BF2F582005D3D24 /* SubmitActivityViewModel.swift */; };
		795E11412BF30774005D3D24 /* StudentContentView.swift in Sources */ = {isa = PBXBuildFile; fileRef = 795E11402BF30774005D3D24 /* StudentContentView.swift */; };
		795E11432BF32114005D3D24 /* Profile.swift in Sources */ = {isa = PBXBuildFile; fileRef = 795E11422BF32114005D3D24 /* Profile.swift */; };
/* End PBXBuildFile section */

/* Begin PBXContainerItemProxy section */
		795E10E32BE0913E005D3D24 /* PBXContainerItemProxy */ = {
			isa = PBXContainerItemProxy;
			containerPortal = 795E10CA2BE0913C005D3D24 /* Project object */;
			proxyType = 1;
			remoteGlobalIDString = 795E10D12BE0913C005D3D24;
			remoteInfo = LabMate;
		};
		795E10ED2BE0913E005D3D24 /* PBXContainerItemProxy */ = {
			isa = PBXContainerItemProxy;
			containerPortal = 795E10CA2BE0913C005D3D24 /* Project object */;
			proxyType = 1;
			remoteGlobalIDString = 795E10D12BE0913C005D3D24;
			remoteInfo = LabMate;
		};
/* End PBXContainerItemProxy section */

/* Begin PBXFileReference section */
		795E10D22BE0913C005D3D24 /* LabMate.app */ = {isa = PBXFileReference; explicitFileType = wrapper.application; includeInIndex = 0; path = LabMate.app; sourceTree = BUILT_PRODUCTS_DIR; };
		795E10D52BE0913C005D3D24 /* LabMateApp.swift */ = {isa = PBXFileReference; lastKnownFileType = sourcecode.swift; path = LabMateApp.swift; sourceTree = "<group>"; };
		795E10D72BE0913C005D3D24 /* ContentView.swift */ = {isa = PBXFileReference; lastKnownFileType = sourcecode.swift; path = ContentView.swift; sourceTree = "<group>"; };
		795E10D92BE0913E005D3D24 /* Assets.xcassets */ = {isa = PBXFileReference; lastKnownFileType = folder.assetcatalog; path = Assets.xcassets; sourceTree = "<group>"; };
		795E10DC2BE0913E005D3D24 /* Preview Assets.xcassets */ = {isa = PBXFileReference; lastKnownFileType = folder.assetcatalog; path = "Preview Assets.xcassets"; sourceTree = "<group>"; };
		795E10E22BE0913E005D3D24 /* LabMateTests.xctest */ = {isa = PBXFileReference; explicitFileType = wrapper.cfbundle; includeInIndex = 0; path = LabMateTests.xctest; sourceTree = BUILT_PRODUCTS_DIR; };
		795E10E62BE0913E005D3D24 /* LabMateTests.swift */ = {isa = PBXFileReference; lastKnownFileType = sourcecode.swift; path = LabMateTests.swift; sourceTree = "<group>"; };
		795E10EC2BE0913E005D3D24 /* LabMateUITests.xctest */ = {isa = PBXFileReference; explicitFileType = wrapper.cfbundle; includeInIndex = 0; path = LabMateUITests.xctest; sourceTree = BUILT_PRODUCTS_DIR; };
		795E10F02BE0913E005D3D24 /* LabMateUITests.swift */ = {isa = PBXFileReference; lastKnownFileType = sourcecode.swift; path = LabMateUITests.swift; sourceTree = "<group>"; };
		795E10F22BE0913E005D3D24 /* LabMateUITestsLaunchTests.swift */ = {isa = PBXFileReference; lastKnownFileType = sourcecode.swift; path = LabMateUITestsLaunchTests.swift; sourceTree = "<group>"; };
		795E10FF2BF04DE5005D3D24 /* HomeView.swift */ = {isa = PBXFileReference; fileEncoding = 4; lastKnownFileType = sourcecode.swift; path = HomeView.swift; sourceTree = "<group>"; };
		795E11012BF04DE5005D3D24 /* LoginView.swift */ = {isa = PBXFileReference; fileEncoding = 4; lastKnownFileType = sourcecode.swift; path = LoginView.swift; sourceTree = "<group>"; };
		795E11022BF04DE5005D3D24 /* LoginViewModel.swift */ = {isa = PBXFileReference; fileEncoding = 4; lastKnownFileType = sourcecode.swift; path = LoginViewModel.swift; sourceTree = "<group>"; };
		795E11032BF04DE5005D3D24 /* StudentProfileView.swift */ = {isa = PBXFileReference; fileEncoding = 4; lastKnownFileType = sourcecode.swift; path = StudentProfileView.swift; sourceTree = "<group>"; };
		795E11042BF04DE5005D3D24 /* TeacherProfileView.swift */ = {isa = PBXFileReference; fileEncoding = 4; lastKnownFileType = sourcecode.swift; path = TeacherProfileView.swift; sourceTree = "<group>"; };
		795E110E2BF04FF6005D3D24 /* SupabaseClient.swift */ = {isa = PBXFileReference; lastKnownFileType = sourcecode.swift; path = SupabaseClient.swift; sourceTree = "<group>"; };
		795E111D2BF09F49005D3D24 /* Info.plist */ = {isa = PBXFileReference; lastKnownFileType = text.plist; path = Info.plist; sourceTree = "<group>"; };
		795E111E2BF0D997005D3D24 /* JoinClassroomView.swift */ = {isa = PBXFileReference; lastKnownFileType = sourcecode.swift; path = JoinClassroomView.swift; sourceTree = "<group>"; };
		795E11202BF0DA2B005D3D24 /* CodeTextField.swift */ = {isa = PBXFileReference; lastKnownFileType = sourcecode.swift; path = CodeTextField.swift; sourceTree = "<group>"; };
		795E11222BF0E32A005D3D24 /* JoinClassroomViewModel.swift */ = {isa = PBXFileReference; lastKnownFileType = sourcecode.swift; path = JoinClassroomViewModel.swift; sourceTree = "<group>"; };
		795E11242BF1DE73005D3D24 /* Classroom.swift */ = {isa = PBXFileReference; lastKnownFileType = sourcecode.swift; path = Classroom.swift; sourceTree = "<group>"; };
		795E11262BF1EA2A005D3D24 /* ClassroomView.swift */ = {isa = PBXFileReference; lastKnownFileType = sourcecode.swift; path = ClassroomView.swift; sourceTree = "<group>"; };
		795E11282BF1EA60005D3D24 /* ClassroomViewModel.swift */ = {isa = PBXFileReference; lastKnownFileType = sourcecode.swift; path = ClassroomViewModel.swift; sourceTree = "<group>"; };
		795E112B2BF26488005D3D24 /* AppHeading.swift */ = {isa = PBXFileReference; lastKnownFileType = sourcecode.swift; path = AppHeading.swift; sourceTree = "<group>"; };
		795E112D2BF26703005D3D24 /* ProfileView.swift */ = {isa = PBXFileReference; lastKnownFileType = sourcecode.swift; path = ProfileView.swift; sourceTree = "<group>"; };
		795E112F2BF26955005D3D24 /* DummyView.swift */ = {isa = PBXFileReference; lastKnownFileType = sourcecode.swift; path = DummyView.swift; sourceTree = "<group>"; };
		795E11332BF2D93B005D3D24 /* AppError.swift */ = {isa = PBXFileReference; lastKnownFileType = sourcecode.swift; path = AppError.swift; sourceTree = "<group>"; };
		795E11352BF2E58F005D3D24 /* ProfileViewModel.swift */ = {isa = PBXFileReference; lastKnownFileType = sourcecode.swift; path = ProfileViewModel.swift; sourceTree = "<group>"; };
		795E113C2BF2F559005D3D24 /* SubmitActivityView.swift */ = {isa = PBXFileReference; lastKnownFileType = sourcecode.swift; path = SubmitActivityView.swift; sourceTree = "<group>"; };
		795E113E2BF2F582005D3D24 /* SubmitActivityViewModel.swift */ = {isa = PBXFileReference; lastKnownFileType = sourcecode.swift; path = SubmitActivityViewModel.swift; sourceTree = "<group>"; };
		795E11402BF30774005D3D24 /* StudentContentView.swift */ = {isa = PBXFileReference; lastKnownFileType = sourcecode.swift; path = StudentContentView.swift; sourceTree = "<group>"; };
		795E11422BF32114005D3D24 /* Profile.swift */ = {isa = PBXFileReference; lastKnownFileType = sourcecode.swift; path = Profile.swift; sourceTree = "<group>"; };
/* End PBXFileReference section */

/* Begin PBXFrameworksBuildPhase section */
		795E10CF2BE0913C005D3D24 /* Frameworks */ = {
			isa = PBXFrameworksBuildPhase;
			buildActionMask = 2147483647;
			files = (
				795E11162BF05379005D3D24 /* PostgREST in Frameworks */,
				795E11142BF05379005D3D24 /* Functions in Frameworks */,
				795E111C2BF05379005D3D24 /* Supabase in Frameworks */,
				795E11122BF05379005D3D24 /* Auth in Frameworks */,
				795E111A2BF05379005D3D24 /* Storage in Frameworks */,
				795E11182BF05379005D3D24 /* Realtime in Frameworks */,
			);
			runOnlyForDeploymentPostprocessing = 0;
		};
		795E10DF2BE0913E005D3D24 /* Frameworks */ = {
			isa = PBXFrameworksBuildPhase;
			buildActionMask = 2147483647;
			files = (
			);
			runOnlyForDeploymentPostprocessing = 0;
		};
		795E10E92BE0913E005D3D24 /* Frameworks */ = {
			isa = PBXFrameworksBuildPhase;
			buildActionMask = 2147483647;
			files = (
			);
			runOnlyForDeploymentPostprocessing = 0;
		};
/* End PBXFrameworksBuildPhase section */

/* Begin PBXGroup section */
		795E10C92BE0913C005D3D24 = {
			isa = PBXGroup;
			children = (
				795E10D42BE0913C005D3D24 /* LabMate */,
				795E10E52BE0913E005D3D24 /* LabMateTests */,
				795E10EF2BE0913E005D3D24 /* LabMateUITests */,
				795E10D32BE0913C005D3D24 /* Products */,
			);
			sourceTree = "<group>";
		};
		795E10D32BE0913C005D3D24 /* Products */ = {
			isa = PBXGroup;
			children = (
				795E10D22BE0913C005D3D24 /* LabMate.app */,
				795E10E22BE0913E005D3D24 /* LabMateTests.xctest */,
				795E10EC2BE0913E005D3D24 /* LabMateUITests.xctest */,
			);
			name = Products;
			sourceTree = "<group>";
		};
		795E10D42BE0913C005D3D24 /* LabMate */ = {
			isa = PBXGroup;
			children = (
				795E111D2BF09F49005D3D24 /* Info.plist */,
				795E11102BF0501A005D3D24 /* Components */,
				795E110C2BF04E07005D3D24 /* Data */,
				795E11052BF04DE5005D3D24 /* Views */,
				795E10D52BE0913C005D3D24 /* LabMateApp.swift */,
				795E10D72BE0913C005D3D24 /* ContentView.swift */,
				795E10D92BE0913E005D3D24 /* Assets.xcassets */,
				795E10DB2BE0913E005D3D24 /* Preview Content */,
			);
			path = LabMate;
			sourceTree = "<group>";
		};
		795E10DB2BE0913E005D3D24 /* Preview Content */ = {
			isa = PBXGroup;
			children = (
				795E10DC2BE0913E005D3D24 /* Preview Assets.xcassets */,
			);
			path = "Preview Content";
			sourceTree = "<group>";
		};
		795E10E52BE0913E005D3D24 /* LabMateTests */ = {
			isa = PBXGroup;
			children = (
				795E10E62BE0913E005D3D24 /* LabMateTests.swift */,
			);
			path = LabMateTests;
			sourceTree = "<group>";
		};
		795E10EF2BE0913E005D3D24 /* LabMateUITests */ = {
			isa = PBXGroup;
			children = (
				795E10F02BE0913E005D3D24 /* LabMateUITests.swift */,
				795E10F22BE0913E005D3D24 /* LabMateUITestsLaunchTests.swift */,
			);
			path = LabMateUITests;
			sourceTree = "<group>";
		};
		795E11052BF04DE5005D3D24 /* Views */ = {
			isa = PBXGroup;
			children = (
				795E11392BF2EEFC005D3D24 /* Classroom */,
				795E11382BF2EEF3005D3D24 /* Stats */,
				795E11372BF2EEDE005D3D24 /* Profile */,
				795E11312BF269CF005D3D24 /* Login */,
				795E10FF2BF04DE5005D3D24 /* HomeView.swift */,
				795E112F2BF26955005D3D24 /* DummyView.swift */,
			);
			path = Views;
			sourceTree = "<group>";
		};
		795E110C2BF04E07005D3D24 /* Data */ = {
			isa = PBXGroup;
			children = (
				795E110E2BF04FF6005D3D24 /* SupabaseClient.swift */,
				795E11242BF1DE73005D3D24 /* Classroom.swift */,
				795E11332BF2D93B005D3D24 /* AppError.swift */,
				795E11422BF32114005D3D24 /* Profile.swift */,
			);
			path = Data;
			sourceTree = "<group>";
		};
		795E11102BF0501A005D3D24 /* Components */ = {
			isa = PBXGroup;
			children = (
				795E112A2BF26467005D3D24 /* Text */,
				795E11202BF0DA2B005D3D24 /* CodeTextField.swift */,
			);
			path = Components;
			sourceTree = "<group>";
		};
		795E112A2BF26467005D3D24 /* Text */ = {
			isa = PBXGroup;
			children = (
				795E112B2BF26488005D3D24 /* AppHeading.swift */,
			);
			path = Text;
			sourceTree = "<group>";
		};
		795E11312BF269CF005D3D24 /* Login */ = {
			isa = PBXGroup;
			children = (
				795E11012BF04DE5005D3D24 /* LoginView.swift */,
				795E11022BF04DE5005D3D24 /* LoginViewModel.swift */,
			);
			path = Login;
			sourceTree = "<group>";
		};
		795E11322BF269F5005D3D24 /* JoinClassroom */ = {
			isa = PBXGroup;
			children = (
				795E111E2BF0D997005D3D24 /* JoinClassroomView.swift */,
				795E11222BF0E32A005D3D24 /* JoinClassroomViewModel.swift */,
			);
			path = JoinClassroom;
			sourceTree = "<group>";
		};
		795E11372BF2EEDE005D3D24 /* Profile */ = {
			isa = PBXGroup;
			children = (
				795E11352BF2E58F005D3D24 /* ProfileViewModel.swift */,
				795E112D2BF26703005D3D24 /* ProfileView.swift */,
			);
			path = Profile;
			sourceTree = "<group>";
		};
		795E11382BF2EEF3005D3D24 /* Stats */ = {
			isa = PBXGroup;
			children = (
				795E11032BF04DE5005D3D24 /* StudentProfileView.swift */,
				795E11042BF04DE5005D3D24 /* TeacherProfileView.swift */,
			);
			path = Stats;
			sourceTree = "<group>";
		};
		795E11392BF2EEFC005D3D24 /* Classroom */ = {
			isa = PBXGroup;
			children = (
				795E113B2BF2F537005D3D24 /* SubmitActivity */,
				795E113A2BF2EF37005D3D24 /* Classroom */,
				795E11322BF269F5005D3D24 /* JoinClassroom */,
				795E11402BF30774005D3D24 /* StudentContentView.swift */,
			);
			path = Classroom;
			sourceTree = "<group>";
		};
		795E113A2BF2EF37005D3D24 /* Classroom */ = {
			isa = PBXGroup;
			children = (
				795E11262BF1EA2A005D3D24 /* ClassroomView.swift */,
				795E11282BF1EA60005D3D24 /* ClassroomViewModel.swift */,
			);
			path = Classroom;
			sourceTree = "<group>";
		};
		795E113B2BF2F537005D3D24 /* SubmitActivity */ = {
			isa = PBXGroup;
			children = (
				795E113C2BF2F559005D3D24 /* SubmitActivityView.swift */,
				795E113E2BF2F582005D3D24 /* SubmitActivityViewModel.swift */,
			);
			path = SubmitActivity;
			sourceTree = "<group>";
		};
/* End PBXGroup section */

/* Begin PBXNativeTarget section */
		795E10D12BE0913C005D3D24 /* LabMate */ = {
			isa = PBXNativeTarget;
			buildConfigurationList = 795E10F62BE0913E005D3D24 /* Build configuration list for PBXNativeTarget "LabMate" */;
			buildPhases = (
				795E10CE2BE0913C005D3D24 /* Sources */,
				795E10CF2BE0913C005D3D24 /* Frameworks */,
				795E10D02BE0913C005D3D24 /* Resources */,
			);
			buildRules = (
			);
			dependencies = (
			);
			name = LabMate;
			packageProductDependencies = (
				795E11112BF05379005D3D24 /* Auth */,
				795E11132BF05379005D3D24 /* Functions */,
				795E11152BF05379005D3D24 /* PostgREST */,
				795E11172BF05379005D3D24 /* Realtime */,
				795E11192BF05379005D3D24 /* Storage */,
				795E111B2BF05379005D3D24 /* Supabase */,
			);
			productName = LabMate;
			productReference = 795E10D22BE0913C005D3D24 /* LabMate.app */;
			productType = "com.apple.product-type.application";
		};
		795E10E12BE0913E005D3D24 /* LabMateTests */ = {
			isa = PBXNativeTarget;
			buildConfigurationList = 795E10F92BE0913E005D3D24 /* Build configuration list for PBXNativeTarget "LabMateTests" */;
			buildPhases = (
				795E10DE2BE0913E005D3D24 /* Sources */,
				795E10DF2BE0913E005D3D24 /* Frameworks */,
				795E10E02BE0913E005D3D24 /* Resources */,
			);
			buildRules = (
			);
			dependencies = (
				795E10E42BE0913E005D3D24 /* PBXTargetDependency */,
			);
			name = LabMateTests;
			productName = LabMateTests;
			productReference = 795E10E22BE0913E005D3D24 /* LabMateTests.xctest */;
			productType = "com.apple.product-type.bundle.unit-test";
		};
		795E10EB2BE0913E005D3D24 /* LabMateUITests */ = {
			isa = PBXNativeTarget;
			buildConfigurationList = 795E10FC2BE0913E005D3D24 /* Build configuration list for PBXNativeTarget "LabMateUITests" */;
			buildPhases = (
				795E10E82BE0913E005D3D24 /* Sources */,
				795E10E92BE0913E005D3D24 /* Frameworks */,
				795E10EA2BE0913E005D3D24 /* Resources */,
			);
			buildRules = (
			);
			dependencies = (
				795E10EE2BE0913E005D3D24 /* PBXTargetDependency */,
			);
			name = LabMateUITests;
			productName = LabMateUITests;
			productReference = 795E10EC2BE0913E005D3D24 /* LabMateUITests.xctest */;
			productType = "com.apple.product-type.bundle.ui-testing";
		};
/* End PBXNativeTarget section */

/* Begin PBXProject section */
		795E10CA2BE0913C005D3D24 /* Project object */ = {
			isa = PBXProject;
			attributes = {
				BuildIndependentTargetsInParallel = 1;
				LastSwiftUpdateCheck = 1530;
				LastUpgradeCheck = 1530;
				TargetAttributes = {
					795E10D12BE0913C005D3D24 = {
						CreatedOnToolsVersion = 15.3;
					};
					795E10E12BE0913E005D3D24 = {
						CreatedOnToolsVersion = 15.3;
						TestTargetID = 795E10D12BE0913C005D3D24;
					};
					795E10EB2BE0913E005D3D24 = {
						CreatedOnToolsVersion = 15.3;
						TestTargetID = 795E10D12BE0913C005D3D24;
					};
				};
			};
			buildConfigurationList = 795E10CD2BE0913C005D3D24 /* Build configuration list for PBXProject "LabMate" */;
			compatibilityVersion = "Xcode 14.0";
			developmentRegion = en;
			hasScannedForEncodings = 0;
			knownRegions = (
				en,
				Base,
			);
			mainGroup = 795E10C92BE0913C005D3D24;
			packageReferences = (
				795E110D2BF04FA0005D3D24 /* XCRemoteSwiftPackageReference "supabase-swift" */,
			);
			productRefGroup = 795E10D32BE0913C005D3D24 /* Products */;
			projectDirPath = "";
			projectRoot = "";
			targets = (
				795E10D12BE0913C005D3D24 /* LabMate */,
				795E10E12BE0913E005D3D24 /* LabMateTests */,
				795E10EB2BE0913E005D3D24 /* LabMateUITests */,
			);
		};
/* End PBXProject section */

/* Begin PBXResourcesBuildPhase section */
		795E10D02BE0913C005D3D24 /* Resources */ = {
			isa = PBXResourcesBuildPhase;
			buildActionMask = 2147483647;
			files = (
				795E10DD2BE0913E005D3D24 /* Preview Assets.xcassets in Resources */,
				795E10DA2BE0913E005D3D24 /* Assets.xcassets in Resources */,
			);
			runOnlyForDeploymentPostprocessing = 0;
		};
		795E10E02BE0913E005D3D24 /* Resources */ = {
			isa = PBXResourcesBuildPhase;
			buildActionMask = 2147483647;
			files = (
			);
			runOnlyForDeploymentPostprocessing = 0;
		};
		795E10EA2BE0913E005D3D24 /* Resources */ = {
			isa = PBXResourcesBuildPhase;
			buildActionMask = 2147483647;
			files = (
			);
			runOnlyForDeploymentPostprocessing = 0;
		};
/* End PBXResourcesBuildPhase section */

/* Begin PBXSourcesBuildPhase section */
		795E10CE2BE0913C005D3D24 /* Sources */ = {
			isa = PBXSourcesBuildPhase;
			buildActionMask = 2147483647;
			files = (
				795E111F2BF0D997005D3D24 /* JoinClassroomView.swift in Sources */,
				795E11432BF32114005D3D24 /* Profile.swift in Sources */,
				795E113F2BF2F582005D3D24 /* SubmitActivityViewModel.swift in Sources */,
				795E11212BF0DA2B005D3D24 /* CodeTextField.swift in Sources */,
				795E11342BF2D93B005D3D24 /* AppError.swift in Sources */,
				795E11412BF30774005D3D24 /* StudentContentView.swift in Sources */,
				795E11272BF1EA2A005D3D24 /* ClassroomView.swift in Sources */,
				795E11062BF04DE5005D3D24 /* HomeView.swift in Sources */,
				795E113D2BF2F559005D3D24 /* SubmitActivityView.swift in Sources */,
				795E110A2BF04DE5005D3D24 /* StudentProfileView.swift in Sources */,
				795E10D82BE0913C005D3D24 /* ContentView.swift in Sources */,
				795E110B2BF04DE5005D3D24 /* TeacherProfileView.swift in Sources */,
				795E11092BF04DE5005D3D24 /* LoginViewModel.swift in Sources */,
				795E10D62BE0913C005D3D24 /* LabMateApp.swift in Sources */,
				795E112E2BF26703005D3D24 /* ProfileView.swift in Sources */,
				795E11292BF1EA60005D3D24 /* ClassroomViewModel.swift in Sources */,
				795E11252BF1DE73005D3D24 /* Classroom.swift in Sources */,
				795E11082BF04DE5005D3D24 /* LoginView.swift in Sources */,
				795E11362BF2E58F005D3D24 /* ProfileViewModel.swift in Sources */,
				795E11302BF26955005D3D24 /* DummyView.swift in Sources */,
				795E112C2BF26488005D3D24 /* AppHeading.swift in Sources */,
				795E110F2BF04FF6005D3D24 /* SupabaseClient.swift in Sources */,
				795E11232BF0E32A005D3D24 /* JoinClassroomViewModel.swift in Sources */,
			);
			runOnlyForDeploymentPostprocessing = 0;
		};
		795E10DE2BE0913E005D3D24 /* Sources */ = {
			isa = PBXSourcesBuildPhase;
			buildActionMask = 2147483647;
			files = (
				795E10E72BE0913E005D3D24 /* LabMateTests.swift in Sources */,
			);
			runOnlyForDeploymentPostprocessing = 0;
		};
		795E10E82BE0913E005D3D24 /* Sources */ = {
			isa = PBXSourcesBuildPhase;
			buildActionMask = 2147483647;
			files = (
				795E10F12BE0913E005D3D24 /* LabMateUITests.swift in Sources */,
				795E10F32BE0913E005D3D24 /* LabMateUITestsLaunchTests.swift in Sources */,
			);
			runOnlyForDeploymentPostprocessing = 0;
		};
/* End PBXSourcesBuildPhase section */

/* Begin PBXTargetDependency section */
		795E10E42BE0913E005D3D24 /* PBXTargetDependency */ = {
			isa = PBXTargetDependency;
			target = 795E10D12BE0913C005D3D24 /* LabMate */;
			targetProxy = 795E10E32BE0913E005D3D24 /* PBXContainerItemProxy */;
		};
		795E10EE2BE0913E005D3D24 /* PBXTargetDependency */ = {
			isa = PBXTargetDependency;
			target = 795E10D12BE0913C005D3D24 /* LabMate */;
			targetProxy = 795E10ED2BE0913E005D3D24 /* PBXContainerItemProxy */;
		};
/* End PBXTargetDependency section */

/* Begin XCBuildConfiguration section */
		795E10F42BE0913E005D3D24 /* Debug */ = {
			isa = XCBuildConfiguration;
			buildSettings = {
				ALWAYS_SEARCH_USER_PATHS = NO;
				ASSETCATALOG_COMPILER_GENERATE_SWIFT_ASSET_SYMBOL_EXTENSIONS = YES;
				CLANG_ANALYZER_NONNULL = YES;
				CLANG_ANALYZER_NUMBER_OBJECT_CONVERSION = YES_AGGRESSIVE;
				CLANG_CXX_LANGUAGE_STANDARD = "gnu++20";
				CLANG_ENABLE_MODULES = YES;
				CLANG_ENABLE_OBJC_ARC = YES;
				CLANG_ENABLE_OBJC_WEAK = YES;
				CLANG_WARN_BLOCK_CAPTURE_AUTORELEASING = YES;
				CLANG_WARN_BOOL_CONVERSION = YES;
				CLANG_WARN_COMMA = YES;
				CLANG_WARN_CONSTANT_CONVERSION = YES;
				CLANG_WARN_DEPRECATED_OBJC_IMPLEMENTATIONS = YES;
				CLANG_WARN_DIRECT_OBJC_ISA_USAGE = YES_ERROR;
				CLANG_WARN_DOCUMENTATION_COMMENTS = YES;
				CLANG_WARN_EMPTY_BODY = YES;
				CLANG_WARN_ENUM_CONVERSION = YES;
				CLANG_WARN_INFINITE_RECURSION = YES;
				CLANG_WARN_INT_CONVERSION = YES;
				CLANG_WARN_NON_LITERAL_NULL_CONVERSION = YES;
				CLANG_WARN_OBJC_IMPLICIT_RETAIN_SELF = YES;
				CLANG_WARN_OBJC_LITERAL_CONVERSION = YES;
				CLANG_WARN_OBJC_ROOT_CLASS = YES_ERROR;
				CLANG_WARN_QUOTED_INCLUDE_IN_FRAMEWORK_HEADER = YES;
				CLANG_WARN_RANGE_LOOP_ANALYSIS = YES;
				CLANG_WARN_STRICT_PROTOTYPES = YES;
				CLANG_WARN_SUSPICIOUS_MOVE = YES;
				CLANG_WARN_UNGUARDED_AVAILABILITY = YES_AGGRESSIVE;
				CLANG_WARN_UNREACHABLE_CODE = YES;
				CLANG_WARN__DUPLICATE_METHOD_MATCH = YES;
				COPY_PHASE_STRIP = NO;
				DEBUG_INFORMATION_FORMAT = dwarf;
				ENABLE_STRICT_OBJC_MSGSEND = YES;
				ENABLE_TESTABILITY = YES;
				ENABLE_USER_SCRIPT_SANDBOXING = YES;
				GCC_C_LANGUAGE_STANDARD = gnu17;
				GCC_DYNAMIC_NO_PIC = NO;
				GCC_NO_COMMON_BLOCKS = YES;
				GCC_OPTIMIZATION_LEVEL = 0;
				GCC_PREPROCESSOR_DEFINITIONS = (
					"DEBUG=1",
					"$(inherited)",
				);
				GCC_WARN_64_TO_32_BIT_CONVERSION = YES;
				GCC_WARN_ABOUT_RETURN_TYPE = YES_ERROR;
				GCC_WARN_UNDECLARED_SELECTOR = YES;
				GCC_WARN_UNINITIALIZED_AUTOS = YES_AGGRESSIVE;
				GCC_WARN_UNUSED_FUNCTION = YES;
				GCC_WARN_UNUSED_VARIABLE = YES;
				IPHONEOS_DEPLOYMENT_TARGET = 17.4;
				LOCALIZATION_PREFERS_STRING_CATALOGS = YES;
				MTL_ENABLE_DEBUG_INFO = INCLUDE_SOURCE;
				MTL_FAST_MATH = YES;
				ONLY_ACTIVE_ARCH = YES;
				SDKROOT = iphoneos;
				SWIFT_ACTIVE_COMPILATION_CONDITIONS = "DEBUG $(inherited)";
				SWIFT_OPTIMIZATION_LEVEL = "-Onone";
			};
			name = Debug;
		};
		795E10F52BE0913E005D3D24 /* Release */ = {
			isa = XCBuildConfiguration;
			buildSettings = {
				ALWAYS_SEARCH_USER_PATHS = NO;
				ASSETCATALOG_COMPILER_GENERATE_SWIFT_ASSET_SYMBOL_EXTENSIONS = YES;
				CLANG_ANALYZER_NONNULL = YES;
				CLANG_ANALYZER_NUMBER_OBJECT_CONVERSION = YES_AGGRESSIVE;
				CLANG_CXX_LANGUAGE_STANDARD = "gnu++20";
				CLANG_ENABLE_MODULES = YES;
				CLANG_ENABLE_OBJC_ARC = YES;
				CLANG_ENABLE_OBJC_WEAK = YES;
				CLANG_WARN_BLOCK_CAPTURE_AUTORELEASING = YES;
				CLANG_WARN_BOOL_CONVERSION = YES;
				CLANG_WARN_COMMA = YES;
				CLANG_WARN_CONSTANT_CONVERSION = YES;
				CLANG_WARN_DEPRECATED_OBJC_IMPLEMENTATIONS = YES;
				CLANG_WARN_DIRECT_OBJC_ISA_USAGE = YES_ERROR;
				CLANG_WARN_DOCUMENTATION_COMMENTS = YES;
				CLANG_WARN_EMPTY_BODY = YES;
				CLANG_WARN_ENUM_CONVERSION = YES;
				CLANG_WARN_INFINITE_RECURSION = YES;
				CLANG_WARN_INT_CONVERSION = YES;
				CLANG_WARN_NON_LITERAL_NULL_CONVERSION = YES;
				CLANG_WARN_OBJC_IMPLICIT_RETAIN_SELF = YES;
				CLANG_WARN_OBJC_LITERAL_CONVERSION = YES;
				CLANG_WARN_OBJC_ROOT_CLASS = YES_ERROR;
				CLANG_WARN_QUOTED_INCLUDE_IN_FRAMEWORK_HEADER = YES;
				CLANG_WARN_RANGE_LOOP_ANALYSIS = YES;
				CLANG_WARN_STRICT_PROTOTYPES = YES;
				CLANG_WARN_SUSPICIOUS_MOVE = YES;
				CLANG_WARN_UNGUARDED_AVAILABILITY = YES_AGGRESSIVE;
				CLANG_WARN_UNREACHABLE_CODE = YES;
				CLANG_WARN__DUPLICATE_METHOD_MATCH = YES;
				COPY_PHASE_STRIP = NO;
				DEBUG_INFORMATION_FORMAT = "dwarf-with-dsym";
				ENABLE_NS_ASSERTIONS = NO;
				ENABLE_STRICT_OBJC_MSGSEND = YES;
				ENABLE_USER_SCRIPT_SANDBOXING = YES;
				GCC_C_LANGUAGE_STANDARD = gnu17;
				GCC_NO_COMMON_BLOCKS = YES;
				GCC_WARN_64_TO_32_BIT_CONVERSION = YES;
				GCC_WARN_ABOUT_RETURN_TYPE = YES_ERROR;
				GCC_WARN_UNDECLARED_SELECTOR = YES;
				GCC_WARN_UNINITIALIZED_AUTOS = YES_AGGRESSIVE;
				GCC_WARN_UNUSED_FUNCTION = YES;
				GCC_WARN_UNUSED_VARIABLE = YES;
				IPHONEOS_DEPLOYMENT_TARGET = 17.4;
				LOCALIZATION_PREFERS_STRING_CATALOGS = YES;
				MTL_ENABLE_DEBUG_INFO = NO;
				MTL_FAST_MATH = YES;
				SDKROOT = iphoneos;
				SWIFT_COMPILATION_MODE = wholemodule;
				VALIDATE_PRODUCT = YES;
			};
			name = Release;
		};
		795E10F72BE0913E005D3D24 /* Debug */ = {
			isa = XCBuildConfiguration;
			buildSettings = {
				ASSETCATALOG_COMPILER_APPICON_NAME = AppIcon;
				ASSETCATALOG_COMPILER_GLOBAL_ACCENT_COLOR_NAME = AccentColor;
				CODE_SIGN_STYLE = Automatic;
				CURRENT_PROJECT_VERSION = 1;
				DEVELOPMENT_ASSET_PATHS = "\"LabMate/Preview Content\"";
				DEVELOPMENT_TEAM = M2FST4UL8L;
				ENABLE_PREVIEWS = YES;
				GENERATE_INFOPLIST_FILE = YES;
				INFOPLIST_FILE = LabMate/Info.plist;
				INFOPLIST_KEY_CFBundleDisplayName = "Lab Mate";
				INFOPLIST_KEY_LSApplicationCategoryType = "public.app-category.education";
				INFOPLIST_KEY_UIApplicationSceneManifest_Generation = YES;
				INFOPLIST_KEY_UIApplicationSupportsIndirectInputEvents = YES;
				INFOPLIST_KEY_UILaunchScreen_Generation = YES;
				INFOPLIST_KEY_UISupportedInterfaceOrientations_iPad = "UIInterfaceOrientationPortrait UIInterfaceOrientationPortraitUpsideDown UIInterfaceOrientationLandscapeLeft UIInterfaceOrientationLandscapeRight";
				INFOPLIST_KEY_UISupportedInterfaceOrientations_iPhone = "UIInterfaceOrientationPortrait UIInterfaceOrientationLandscapeLeft UIInterfaceOrientationLandscapeRight";
				LD_RUNPATH_SEARCH_PATHS = (
					"$(inherited)",
					"@executable_path/Frameworks",
				);
				MARKETING_VERSION = 1.0;
				PRODUCT_BUNDLE_IDENTIFIER = au.edu.uts.LabMate;
				PRODUCT_NAME = "$(TARGET_NAME)";
				SWIFT_EMIT_LOC_STRINGS = YES;
				SWIFT_VERSION = 5.0;
				TARGETED_DEVICE_FAMILY = "1,2";
			};
			name = Debug;
		};
		795E10F82BE0913E005D3D24 /* Release */ = {
			isa = XCBuildConfiguration;
			buildSettings = {
				ASSETCATALOG_COMPILER_APPICON_NAME = AppIcon;
				ASSETCATALOG_COMPILER_GLOBAL_ACCENT_COLOR_NAME = AccentColor;
				CODE_SIGN_STYLE = Automatic;
				CURRENT_PROJECT_VERSION = 1;
				DEVELOPMENT_ASSET_PATHS = "\"LabMate/Preview Content\"";
				DEVELOPMENT_TEAM = M2FST4UL8L;
				ENABLE_PREVIEWS = YES;
				GENERATE_INFOPLIST_FILE = YES;
				INFOPLIST_FILE = LabMate/Info.plist;
				INFOPLIST_KEY_CFBundleDisplayName = "Lab Mate";
				INFOPLIST_KEY_LSApplicationCategoryType = "public.app-category.education";
				INFOPLIST_KEY_UIApplicationSceneManifest_Generation = YES;
				INFOPLIST_KEY_UIApplicationSupportsIndirectInputEvents = YES;
				INFOPLIST_KEY_UILaunchScreen_Generation = YES;
				INFOPLIST_KEY_UISupportedInterfaceOrientations_iPad = "UIInterfaceOrientationPortrait UIInterfaceOrientationPortraitUpsideDown UIInterfaceOrientationLandscapeLeft UIInterfaceOrientationLandscapeRight";
				INFOPLIST_KEY_UISupportedInterfaceOrientations_iPhone = "UIInterfaceOrientationPortrait UIInterfaceOrientationLandscapeLeft UIInterfaceOrientationLandscapeRight";
				LD_RUNPATH_SEARCH_PATHS = (
					"$(inherited)",
					"@executable_path/Frameworks",
				);
				MARKETING_VERSION = 1.0;
				PRODUCT_BUNDLE_IDENTIFIER = au.edu.uts.LabMate;
				PRODUCT_NAME = "$(TARGET_NAME)";
				SWIFT_EMIT_LOC_STRINGS = YES;
				SWIFT_VERSION = 5.0;
				TARGETED_DEVICE_FAMILY = "1,2";
			};
			name = Release;
		};
		795E10FA2BE0913E005D3D24 /* Debug */ = {
			isa = XCBuildConfiguration;
			buildSettings = {
				ALWAYS_EMBED_SWIFT_STANDARD_LIBRARIES = YES;
				BUNDLE_LOADER = "$(TEST_HOST)";
				CODE_SIGN_STYLE = Automatic;
				CURRENT_PROJECT_VERSION = 1;
				DEVELOPMENT_TEAM = M2FST4UL8L;
				GENERATE_INFOPLIST_FILE = YES;
				IPHONEOS_DEPLOYMENT_TARGET = 17.4;
				MARKETING_VERSION = 1.0;
				PRODUCT_BUNDLE_IDENTIFIER = au.edu.uts.LabMateTests;
				PRODUCT_NAME = "$(TARGET_NAME)";
				SWIFT_EMIT_LOC_STRINGS = NO;
				SWIFT_VERSION = 5.0;
				TARGETED_DEVICE_FAMILY = "1,2";
				TEST_HOST = "$(BUILT_PRODUCTS_DIR)/LabMate.app/$(BUNDLE_EXECUTABLE_FOLDER_PATH)/LabMate";
			};
			name = Debug;
		};
		795E10FB2BE0913E005D3D24 /* Release */ = {
			isa = XCBuildConfiguration;
			buildSettings = {
				ALWAYS_EMBED_SWIFT_STANDARD_LIBRARIES = YES;
				BUNDLE_LOADER = "$(TEST_HOST)";
				CODE_SIGN_STYLE = Automatic;
				CURRENT_PROJECT_VERSION = 1;
				DEVELOPMENT_TEAM = M2FST4UL8L;
				GENERATE_INFOPLIST_FILE = YES;
				IPHONEOS_DEPLOYMENT_TARGET = 17.4;
				MARKETING_VERSION = 1.0;
				PRODUCT_BUNDLE_IDENTIFIER = au.edu.uts.LabMateTests;
				PRODUCT_NAME = "$(TARGET_NAME)";
				SWIFT_EMIT_LOC_STRINGS = NO;
				SWIFT_VERSION = 5.0;
				TARGETED_DEVICE_FAMILY = "1,2";
				TEST_HOST = "$(BUILT_PRODUCTS_DIR)/LabMate.app/$(BUNDLE_EXECUTABLE_FOLDER_PATH)/LabMate";
			};
			name = Release;
		};
		795E10FD2BE0913E005D3D24 /* Debug */ = {
			isa = XCBuildConfiguration;
			buildSettings = {
				ALWAYS_EMBED_SWIFT_STANDARD_LIBRARIES = YES;
				CODE_SIGN_STYLE = Automatic;
				CURRENT_PROJECT_VERSION = 1;
				DEVELOPMENT_TEAM = M2FST4UL8L;
				GENERATE_INFOPLIST_FILE = YES;
				MARKETING_VERSION = 1.0;
				PRODUCT_BUNDLE_IDENTIFIER = au.edu.uts.LabMateUITests;
				PRODUCT_NAME = "$(TARGET_NAME)";
				SWIFT_EMIT_LOC_STRINGS = NO;
				SWIFT_VERSION = 5.0;
				TARGETED_DEVICE_FAMILY = "1,2";
				TEST_TARGET_NAME = LabMate;
			};
			name = Debug;
		};
		795E10FE2BE0913E005D3D24 /* Release */ = {
			isa = XCBuildConfiguration;
			buildSettings = {
				ALWAYS_EMBED_SWIFT_STANDARD_LIBRARIES = YES;
				CODE_SIGN_STYLE = Automatic;
				CURRENT_PROJECT_VERSION = 1;
				DEVELOPMENT_TEAM = M2FST4UL8L;
				GENERATE_INFOPLIST_FILE = YES;
				MARKETING_VERSION = 1.0;
				PRODUCT_BUNDLE_IDENTIFIER = au.edu.uts.LabMateUITests;
				PRODUCT_NAME = "$(TARGET_NAME)";
				SWIFT_EMIT_LOC_STRINGS = NO;
				SWIFT_VERSION = 5.0;
				TARGETED_DEVICE_FAMILY = "1,2";
				TEST_TARGET_NAME = LabMate;
			};
			name = Release;
		};
/* End XCBuildConfiguration section */

/* Begin XCConfigurationList section */
		795E10CD2BE0913C005D3D24 /* Build configuration list for PBXProject "LabMate" */ = {
			isa = XCConfigurationList;
			buildConfigurations = (
				795E10F42BE0913E005D3D24 /* Debug */,
				795E10F52BE0913E005D3D24 /* Release */,
			);
			defaultConfigurationIsVisible = 0;
			defaultConfigurationName = Release;
		};
		795E10F62BE0913E005D3D24 /* Build configuration list for PBXNativeTarget "LabMate" */ = {
			isa = XCConfigurationList;
			buildConfigurations = (
				795E10F72BE0913E005D3D24 /* Debug */,
				795E10F82BE0913E005D3D24 /* Release */,
			);
			defaultConfigurationIsVisible = 0;
			defaultConfigurationName = Release;
		};
		795E10F92BE0913E005D3D24 /* Build configuration list for PBXNativeTarget "LabMateTests" */ = {
			isa = XCConfigurationList;
			buildConfigurations = (
				795E10FA2BE0913E005D3D24 /* Debug */,
				795E10FB2BE0913E005D3D24 /* Release */,
			);
			defaultConfigurationIsVisible = 0;
			defaultConfigurationName = Release;
		};
		795E10FC2BE0913E005D3D24 /* Build configuration list for PBXNativeTarget "LabMateUITests" */ = {
			isa = XCConfigurationList;
			buildConfigurations = (
				795E10FD2BE0913E005D3D24 /* Debug */,
				795E10FE2BE0913E005D3D24 /* Release */,
			);
			defaultConfigurationIsVisible = 0;
			defaultConfigurationName = Release;
		};
/* End XCConfigurationList section */

/* Begin XCRemoteSwiftPackageReference section */
		795E110D2BF04FA0005D3D24 /* XCRemoteSwiftPackageReference "supabase-swift" */ = {
			isa = XCRemoteSwiftPackageReference;
			repositoryURL = "https://github.com/supabase-community/supabase-swift.git";
			requirement = {
				kind = upToNextMajorVersion;
				minimumVersion = 2.5.1;
			};
		};
/* End XCRemoteSwiftPackageReference section */

/* Begin XCSwiftPackageProductDependency section */
		795E11112BF05379005D3D24 /* Auth */ = {
			isa = XCSwiftPackageProductDependency;
			package = 795E110D2BF04FA0005D3D24 /* XCRemoteSwiftPackageReference "supabase-swift" */;
			productName = Auth;
		};
		795E11132BF05379005D3D24 /* Functions */ = {
			isa = XCSwiftPackageProductDependency;
			package = 795E110D2BF04FA0005D3D24 /* XCRemoteSwiftPackageReference "supabase-swift" */;
			productName = Functions;
		};
		795E11152BF05379005D3D24 /* PostgREST */ = {
			isa = XCSwiftPackageProductDependency;
			package = 795E110D2BF04FA0005D3D24 /* XCRemoteSwiftPackageReference "supabase-swift" */;
			productName = PostgREST;
		};
		795E11172BF05379005D3D24 /* Realtime */ = {
			isa = XCSwiftPackageProductDependency;
			package = 795E110D2BF04FA0005D3D24 /* XCRemoteSwiftPackageReference "supabase-swift" */;
			productName = Realtime;
		};
		795E11192BF05379005D3D24 /* Storage */ = {
			isa = XCSwiftPackageProductDependency;
			package = 795E110D2BF04FA0005D3D24 /* XCRemoteSwiftPackageReference "supabase-swift" */;
			productName = Storage;
		};
		795E111B2BF05379005D3D24 /* Supabase */ = {
			isa = XCSwiftPackageProductDependency;
			package = 795E110D2BF04FA0005D3D24 /* XCRemoteSwiftPackageReference "supabase-swift" */;
			productName = Supabase;
		};
/* End XCSwiftPackageProductDependency section */
	};
	rootObject = 795E10CA2BE0913C005D3D24 /* Project object */;
}
